{
  "name": "textEditor",
  "version": "1.0.0",
  "lockfileVersion": 1,
  "requires": true,
  "dependencies": {
    "keyboardjs": {
      "version": "2.5.1",
      "resolved": "https://registry.npmjs.org/keyboardjs/-/keyboardjs-2.5.1.tgz",
      "integrity": "sha512-mRf7MQMiFcudADEpPn3vTtl/rtFELo5MAiKA6yH4ShsFsnwwjMrVfaNt6bpYhBDeODs/T5NXwltz4+ktRQyP7A=="
    }
  }
}
